
Microsoft Visual Studio Solution File, Format Version 12.00
# Visual Studio Version 17
VisualStudioVersion = 17.10.35004.147
MinimumVisualStudioVersion = 10.0.40219.1
Project("{8BC9CEB8-8B4A-11D0-8D11-00A0C91BC942}") = "Lumina", "Lumina\Lumina.vcxproj", "{7D4C6EB5-48FB-49A1-9CF3-C0B1BCA9D86E}"
EndProject
Global
	GlobalSection(SolutionConfigurationPlatforms) = preSolution
		Debug|x64 = Debug|x64
		Debug|x86 = Debug|x86
		Release|x64 = Release|x64
		Release|x86 = Release|x86
	EndGlobalSection
	GlobalSection(ProjectConfigurationPlatforms) = postSolution
		{7D4C6EB5-48FB-49A1-9CF3-C0B1BCA9D86E}.Debug|x64.ActiveCfg = Debug|x64
		{7D4C6EB5-48FB-49A1-9CF3-C0B1BCA9D86E}.Debug|x64.Build.0 = Debug|x64
		{7D4C6EB5-48FB-49A1-9CF3-C0B1BCA9D86E}.Debug|x86.ActiveCfg = Debug|Win32
		{7D4C6EB5-48FB-49A1-9CF3-C0B1BCA9D86E}.Debug|x86.Build.0 = Debug|Win32
		{7D4C6EB5-48FB-49A1-9CF3-C0B1BCA9D86E}.Release|x64.ActiveCfg = Release|x64
		{7D4C6EB5-48FB-49A1-9CF3-C0B1BCA9D86E}.Release|x64.Build.0 = Release|x64
		{7D4C6EB5-48FB-49A1-9CF3-C0B1BCA9D86E}.Release|x86.ActiveCfg = Release|Win32
		{7D4C6EB5-48FB-49A1-9CF3-C0B1BCA9D86E}.Release|x86.Build.0 = Release|Win32
	EndGlobalSection
	GlobalSection(SolutionProperties) = preSolution
		HideSolutionNode = FALSE
	EndGlobalSection
	GlobalSection(ExtensibilityGlobals) = postSolution
		SolutionGuid = {4DA72874-C98F-4E5C-A30D-40E14C256319}
	EndGlobalSection
EndGlobal
